// !$*UTF8*$!
{
	archiveVersion = 1;
	classes = {
	};
	objectVersion = 77;
	objects = {

/* Begin PBXBuildFile section */
		7B142B0D2CE62BFC00C664BA /* ReportExtension.appex in Embed ExtensionKit Extensions */ = {isa = PBXBuildFile; fileRef = 7B142B012CE62BFC00C664BA /* ReportExtension.appex */; settings = {ATTRIBUTES = (RemoveHeadersOnCopy, ); }; };
/* End PBXBuildFile section */

/* Begin PBXContainerItemProxy section */
		7B142B0B2CE62BFC00C664BA /* PBXContainerItemProxy */ = {
			isa = PBXContainerItemProxy;
			containerPortal = 7B35D0872CE46DA900D5E194 /* Project object */;
			proxyType = 1;
			remoteGlobalIDString = 7B142B002CE62BFC00C664BA;
			remoteInfo = ReportExtension;
		};
		7B35D0A02CE46DA900D5E194 /* PBXContainerItemProxy */ = {
			isa = PBXContainerItemProxy;
			containerPortal = 7B35D0872CE46DA900D5E194 /* Project object */;
			proxyType = 1;
			remoteGlobalIDString = 7B35D08E2CE46DA900D5E194;
			remoteInfo = okee;
		};
		7B35D0AA2CE46DA900D5E194 /* PBXContainerItemProxy */ = {
			isa = PBXContainerItemProxy;
			containerPortal = 7B35D0872CE46DA900D5E194 /* Project object */;
			proxyType = 1;
			remoteGlobalIDString = 7B35D08E2CE46DA900D5E194;
			remoteInfo = okee;
		};
/* End PBXContainerItemProxy section */

/* Begin PBXCopyFilesBuildPhase section */
		7B142B0E2CE62BFC00C664BA /* Embed ExtensionKit Extensions */ = {
			isa = PBXCopyFilesBuildPhase;
			buildActionMask = 2147483647;
			dstPath = "$(EXTENSIONS_FOLDER_PATH)";
			dstSubfolderSpec = 16;
			files = (
				7B142B0D2CE62BFC00C664BA /* ReportExtension.appex in Embed ExtensionKit Extensions */,
			);
			name = "Embed ExtensionKit Extensions";
			runOnlyForDeploymentPostprocessing = 0;
		};
/* End PBXCopyFilesBuildPhase section */

/* Begin PBXFileReference section */
		7B142B012CE62BFC00C664BA /* ReportExtension.appex */ = {isa = PBXFileReference; explicitFileType = "wrapper.extensionkit-extension"; includeInIndex = 0; path = ReportExtension.appex; sourceTree = BUILT_PRODUCTS_DIR; };
		7B35D08F2CE46DA900D5E194 /* okee.app */ = {isa = PBXFileReference; explicitFileType = wrapper.application; includeInIndex = 0; path = okee.app; sourceTree = BUILT_PRODUCTS_DIR; };
		7B35D09F2CE46DA900D5E194 /* okeeTests.xctest */ = {isa = PBXFileReference; explicitFileType = wrapper.cfbundle; includeInIndex = 0; path = okeeTests.xctest; sourceTree = BUILT_PRODUCTS_DIR; };
		7B35D0A92CE46DA900D5E194 /* okeeUITests.xctest */ = {isa = PBXFileReference; explicitFileType = wrapper.cfbundle; includeInIndex = 0; path = okeeUITests.xctest; sourceTree = BUILT_PRODUCTS_DIR; };
/* End PBXFileReference section */

/* Begin PBXFileSystemSynchronizedBuildFileExceptionSet section */
		7B142B112CE62BFC00C664BA /* Exceptions for "ReportExtension" folder in "ReportExtension" target */ = {
			isa = PBXFileSystemSynchronizedBuildFileExceptionSet;
			membershipExceptions = (
				Info.plist,
			);
			target = 7B142B002CE62BFC00C664BA /* ReportExtension */;
		};
/* End PBXFileSystemSynchronizedBuildFileExceptionSet section */

/* Begin PBXFileSystemSynchronizedRootGroup section */
		7B142B022CE62BFC00C664BA /* ReportExtension */ = {
			isa = PBXFileSystemSynchronizedRootGroup;
			exceptions = (
				7B142B112CE62BFC00C664BA /* Exceptions for "ReportExtension" folder in "ReportExtension" target */,
			);
			path = ReportExtension;
			sourceTree = "<group>";
		};
		7B35D0912CE46DA900D5E194 /* okee */ = {
			isa = PBXFileSystemSynchronizedRootGroup;
			path = okee;
			sourceTree = "<group>";
		};
		7B35D0A22CE46DA900D5E194 /* okeeTests */ = {
			isa = PBXFileSystemSynchronizedRootGroup;
			path = okeeTests;
			sourceTree = "<group>";
		};
		7B35D0AC2CE46DA900D5E194 /* okeeUITests */ = {
			isa = PBXFileSystemSynchronizedRootGroup;
			path = okeeUITests;
			sourceTree = "<group>";
		};
/* End PBXFileSystemSynchronizedRootGroup section */

/* Begin PBXFrameworksBuildPhase section */
		7B142AFE2CE62BFC00C664BA /* Frameworks */ = {
			isa = PBXFrameworksBuildPhase;
			buildActionMask = 2147483647;
			files = (
			);
			runOnlyForDeploymentPostprocessing = 0;
		};
		7B35D08C2CE46DA900D5E194 /* Frameworks */ = {
			isa = PBXFrameworksBuildPhase;
			buildActionMask = 2147483647;
			files = (
			);
			runOnlyForDeploymentPostprocessing = 0;
		};
		7B35D09C2CE46DA900D5E194 /* Frameworks */ = {
			isa = PBXFrameworksBuildPhase;
			buildActionMask = 2147483647;
			files = (
			);
			runOnlyForDeploymentPostprocessing = 0;
		};
		7B35D0A62CE46DA900D5E194 /* Frameworks */ = {
			isa = PBXFrameworksBuildPhase;
			buildActionMask = 2147483647;
			files = (
			);
			runOnlyForDeploymentPostprocessing = 0;
		};
/* End PBXFrameworksBuildPhase section */

/* Begin PBXGroup section */
		7B35D0862CE46DA900D5E194 = {
			isa = PBXGroup;
			children = (
				7B35D0912CE46DA900D5E194 /* okee */,
				7B35D0A22CE46DA900D5E194 /* okeeTests */,
				7B35D0AC2CE46DA900D5E194 /* okeeUITests */,
				7B142B022CE62BFC00C664BA /* ReportExtension */,
				7B35D0902CE46DA900D5E194 /* Products */,
			);
			sourceTree = "<group>";
		};
		7B35D0902CE46DA900D5E194 /* Products */ = {
			isa = PBXGroup;
			children = (
				7B35D08F2CE46DA900D5E194 /* okee.app */,
				7B35D09F2CE46DA900D5E194 /* okeeTests.xctest */,
				7B35D0A92CE46DA900D5E194 /* okeeUITests.xctest */,
				7B142B012CE62BFC00C664BA /* ReportExtension.appex */,
			);
			name = Products;
			sourceTree = "<group>";
		};
/* End PBXGroup section */

/* Begin PBXNativeTarget section */
		7B142B002CE62BFC00C664BA /* ReportExtension */ = {
			isa = PBXNativeTarget;
			buildConfigurationList = 7B142B122CE62BFC00C664BA /* Build configuration list for PBXNativeTarget "ReportExtension" */;
			buildPhases = (
				7B142AFD2CE62BFC00C664BA /* Sources */,
				7B142AFE2CE62BFC00C664BA /* Frameworks */,
				7B142AFF2CE62BFC00C664BA /* Resources */,
			);
			buildRules = (
			);
			dependencies = (
			);
			fileSystemSynchronizedGroups = (
				7B142B022CE62BFC00C664BA /* ReportExtension */,
			);
			name = ReportExtension;
			packageProductDependencies = (
			);
			productName = ReportExtension;
			productReference = 7B142B012CE62BFC00C664BA /* ReportExtension.appex */;
			productType = "com.apple.product-type.extensionkit-extension";
		};
		7B35D08E2CE46DA900D5E194 /* okee */ = {
			isa = PBXNativeTarget;
			buildConfigurationList = 7B35D0B32CE46DA900D5E194 /* Build configuration list for PBXNativeTarget "okee" */;
			buildPhases = (
				7B35D08B2CE46DA900D5E194 /* Sources */,
				7B35D08C2CE46DA900D5E194 /* Frameworks */,
				7B35D08D2CE46DA900D5E194 /* Resources */,
				7B142B0E2CE62BFC00C664BA /* Embed ExtensionKit Extensions */,
			);
			buildRules = (
			);
			dependencies = (
				7B142B0C2CE62BFC00C664BA /* PBXTargetDependency */,
			);
			fileSystemSynchronizedGroups = (
				7B35D0912CE46DA900D5E194 /* okee */,
			);
			name = okee;
			packageProductDependencies = (
			);
			productName = okee;
			productReference = 7B35D08F2CE46DA900D5E194 /* okee.app */;
			productType = "com.apple.product-type.application";
		};
		7B35D09E2CE46DA900D5E194 /* okeeTests */ = {
			isa = PBXNativeTarget;
			buildConfigurationList = 7B35D0B62CE46DA900D5E194 /* Build configuration list for PBXNativeTarget "okeeTests" */;
			buildPhases = (
				7B35D09B2CE46DA900D5E194 /* Sources */,
				7B35D09C2CE46DA900D5E194 /* Frameworks */,
				7B35D09D2CE46DA900D5E194 /* Resources */,
			);
			buildRules = (
			);
			dependencies = (
				7B35D0A12CE46DA900D5E194 /* PBXTargetDependency */,
			);
			fileSystemSynchronizedGroups = (
				7B35D0A22CE46DA900D5E194 /* okeeTests */,
			);
			name = okeeTests;
			packageProductDependencies = (
			);
			productName = okeeTests;
			productReference = 7B35D09F2CE46DA900D5E194 /* okeeTests.xctest */;
			productType = "com.apple.product-type.bundle.unit-test";
		};
		7B35D0A82CE46DA900D5E194 /* okeeUITests */ = {
			isa = PBXNativeTarget;
			buildConfigurationList = 7B35D0B92CE46DA900D5E194 /* Build configuration list for PBXNativeTarget "okeeUITests" */;
			buildPhases = (
				7B35D0A52CE46DA900D5E194 /* Sources */,
				7B35D0A62CE46DA900D5E194 /* Frameworks */,
				7B35D0A72CE46DA900D5E194 /* Resources */,
			);
			buildRules = (
			);
			dependencies = (
				7B35D0AB2CE46DA900D5E194 /* PBXTargetDependency */,
			);
			fileSystemSynchronizedGroups = (
				7B35D0AC2CE46DA900D5E194 /* okeeUITests */,
			);
			name = okeeUITests;
			packageProductDependencies = (
			);
			productName = okeeUITests;
			productReference = 7B35D0A92CE46DA900D5E194 /* okeeUITests.xctest */;
			productType = "com.apple.product-type.bundle.ui-testing";
		};
/* End PBXNativeTarget section */

/* Begin PBXProject section */
		7B35D0872CE46DA900D5E194 /* Project object */ = {
			isa = PBXProject;
			attributes = {
				BuildIndependentTargetsInParallel = 1;
				LastSwiftUpdateCheck = 1610;
				LastUpgradeCheck = 1610;
				TargetAttributes = {
					7B142B002CE62BFC00C664BA = {
						CreatedOnToolsVersion = 16.1;
					};
					7B35D08E2CE46DA900D5E194 = {
						CreatedOnToolsVersion = 16.1;
					};
					7B35D09E2CE46DA900D5E194 = {
						CreatedOnToolsVersion = 16.1;
						TestTargetID = 7B35D08E2CE46DA900D5E194;
					};
					7B35D0A82CE46DA900D5E194 = {
						CreatedOnToolsVersion = 16.1;
						TestTargetID = 7B35D08E2CE46DA900D5E194;
					};
				};
			};
			buildConfigurationList = 7B35D08A2CE46DA900D5E194 /* Build configuration list for PBXProject "okee" */;
			developmentRegion = en;
			hasScannedForEncodings = 0;
			knownRegions = (
				en,
				Base,
			);
			mainGroup = 7B35D0862CE46DA900D5E194;
			minimizedProjectReferenceProxies = 1;
			preferredProjectObjectVersion = 77;
			productRefGroup = 7B35D0902CE46DA900D5E194 /* Products */;
			projectDirPath = "";
			projectRoot = "";
			targets = (
				7B35D08E2CE46DA900D5E194 /* okee */,
				7B35D09E2CE46DA900D5E194 /* okeeTests */,
				7B35D0A82CE46DA900D5E194 /* okeeUITests */,
				7B142B002CE62BFC00C664BA /* ReportExtension */,
			);
		};
/* End PBXProject section */

/* Begin PBXResourcesBuildPhase section */
		7B142AFF2CE62BFC00C664BA /* Resources */ = {
			isa = PBXResourcesBuildPhase;
			buildActionMask = 2147483647;
			files = (
			);
			runOnlyForDeploymentPostprocessing = 0;
		};
		7B35D08D2CE46DA900D5E194 /* Resources */ = {
			isa = PBXResourcesBuildPhase;
			buildActionMask = 2147483647;
			files = (
			);
			runOnlyForDeploymentPostprocessing = 0;
		};
		7B35D09D2CE46DA900D5E194 /* Resources */ = {
			isa = PBXResourcesBuildPhase;
			buildActionMask = 2147483647;
			files = (
			);
			runOnlyForDeploymentPostprocessing = 0;
		};
		7B35D0A72CE46DA900D5E194 /* Resources */ = {
			isa = PBXResourcesBuildPhase;
			buildActionMask = 2147483647;
			files = (
			);
			runOnlyForDeploymentPostprocessing = 0;
		};
/* End PBXResourcesBuildPhase section */

/* Begin PBXSourcesBuildPhase section */
		7B142AFD2CE62BFC00C664BA /* Sources */ = {
			isa = PBXSourcesBuildPhase;
			buildActionMask = 2147483647;
			files = (
			);
			runOnlyForDeploymentPostprocessing = 0;
		};
		7B35D08B2CE46DA900D5E194 /* Sources */ = {
			isa = PBXSourcesBuildPhase;
			buildActionMask = 2147483647;
			files = (
			);
			runOnlyForDeploymentPostprocessing = 0;
		};
		7B35D09B2CE46DA900D5E194 /* Sources */ = {
			isa = PBXSourcesBuildPhase;
			buildActionMask = 2147483647;
			files = (
			);
			runOnlyForDeploymentPostprocessing = 0;
		};
		7B35D0A52CE46DA900D5E194 /* Sources */ = {
			isa = PBXSourcesBuildPhase;
			buildActionMask = 2147483647;
			files = (
			);
			runOnlyForDeploymentPostprocessing = 0;
		};
/* End PBXSourcesBuildPhase section */

/* Begin PBXTargetDependency section */
		7B142B0C2CE62BFC00C664BA /* PBXTargetDependency */ = {
			isa = PBXTargetDependency;
			target = 7B142B002CE62BFC00C664BA /* ReportExtension */;
			targetProxy = 7B142B0B2CE62BFC00C664BA /* PBXContainerItemProxy */;
		};
		7B35D0A12CE46DA900D5E194 /* PBXTargetDependency */ = {
			isa = PBXTargetDependency;
			target = 7B35D08E2CE46DA900D5E194 /* okee */;
			targetProxy = 7B35D0A02CE46DA900D5E194 /* PBXContainerItemProxy */;
		};
		7B35D0AB2CE46DA900D5E194 /* PBXTargetDependency */ = {
			isa = PBXTargetDependency;
			target = 7B35D08E2CE46DA900D5E194 /* okee */;
			targetProxy = 7B35D0AA2CE46DA900D5E194 /* PBXContainerItemProxy */;
		};
/* End PBXTargetDependency section */

/* Begin XCBuildConfiguration section */
		7B142B0F2CE62BFC00C664BA /* Debug */ = {
			isa = XCBuildConfiguration;
			buildSettings = {
				CODE_SIGN_ENTITLEMENTS = ReportExtension/ReportExtension.entitlements;
				CODE_SIGN_STYLE = Automatic;
				CURRENT_PROJECT_VERSION = 1;
				DEVELOPMENT_TEAM = 27R53MF3YB;
				GENERATE_INFOPLIST_FILE = YES;
				INFOPLIST_FILE = ReportExtension/Info.plist;
				INFOPLIST_KEY_CFBundleDisplayName = ReportExtension;
				INFOPLIST_KEY_NSHumanReadableCopyright = "";
				LD_RUNPATH_SEARCH_PATHS = (
					"$(inherited)",
					"@executable_path/Frameworks",
					"@executable_path/../../Frameworks",
				);
				MARKETING_VERSION = 1.0;
				PRODUCT_BUNDLE_IDENTIFIER = com.dev.okee.ReportExtension;
				PRODUCT_NAME = "$(TARGET_NAME)";
				SKIP_INSTALL = YES;
				SWIFT_EMIT_LOC_STRINGS = YES;
				SWIFT_VERSION = 5.0;
				TARGETED_DEVICE_FAMILY = "1,2";
			};
			name = Debug;
		};
		7B142B102CE62BFC00C664BA /* Release */ = {
			isa = XCBuildConfiguration;
			buildSettings = {
				CODE_SIGN_ENTITLEMENTS = ReportExtension/ReportExtension.entitlements;
				CODE_SIGN_STYLE = Automatic;
				CURRENT_PROJECT_VERSION = 1;
				DEVELOPMENT_TEAM = 27R53MF3YB;
				GENERATE_INFOPLIST_FILE = YES;
				INFOPLIST_FILE = ReportExtension/Info.plist;
				INFOPLIST_KEY_CFBundleDisplayName = ReportExtension;
				INFOPLIST_KEY_NSHumanReadableCopyright = "";
				LD_RUNPATH_SEARCH_PATHS = (
					"$(inherited)",
					"@executable_path/Frameworks",
					"@executable_path/../../Frameworks",
				);
				MARKETING_VERSION = 1.0;
				PRODUCT_BUNDLE_IDENTIFIER = com.dev.okee.ReportExtension;
				PRODUCT_NAME = "$(TARGET_NAME)";
				SKIP_INSTALL = YES;
				SWIFT_EMIT_LOC_STRINGS = YES;
				SWIFT_VERSION = 5.0;
				TARGETED_DEVICE_FAMILY = "1,2";
			};
			name = Release;
		};
		7B35D0B12CE46DA900D5E194 /* Debug */ = {
			isa = XCBuildConfiguration;
			buildSettings = {
				ALWAYS_SEARCH_USER_PATHS = NO;
				ASSETCATALOG_COMPILER_GENERATE_SWIFT_ASSET_SYMBOL_EXTENSIONS = YES;
				CLANG_ANALYZER_NONNULL = YES;
				CLANG_ANALYZER_NUMBER_OBJECT_CONVERSION = YES_AGGRESSIVE;
				CLANG_CXX_LANGUAGE_STANDARD = "gnu++20";
				CLANG_ENABLE_MODULES = YES;
				CLANG_ENABLE_OBJC_ARC = YES;
				CLANG_ENABLE_OBJC_WEAK = YES;
				CLANG_WARN_BLOCK_CAPTURE_AUTORELEASING = YES;
				CLANG_WARN_BOOL_CONVERSION = YES;
				CLANG_WARN_COMMA = YES;
				CLANG_WARN_CONSTANT_CONVERSION = YES;
				CLANG_WARN_DEPRECATED_OBJC_IMPLEMENTATIONS = YES;
				CLANG_WARN_DIRECT_OBJC_ISA_USAGE = YES_ERROR;
				CLANG_WARN_DOCUMENTATION_COMMENTS = YES;
				CLANG_WARN_EMPTY_BODY = YES;
				CLANG_WARN_ENUM_CONVERSION = YES;
				CLANG_WARN_INFINITE_RECURSION = YES;
				CLANG_WARN_INT_CONVERSION = YES;
				CLANG_WARN_NON_LITERAL_NULL_CONVERSION = YES;
				CLANG_WARN_OBJC_IMPLICIT_RETAIN_SELF = YES;
				CLANG_WARN_OBJC_LITERAL_CONVERSION = YES;
				CLANG_WARN_OBJC_ROOT_CLASS = YES_ERROR;
				CLANG_WARN_QUOTED_INCLUDE_IN_FRAMEWORK_HEADER = YES;
				CLANG_WARN_RANGE_LOOP_ANALYSIS = YES;
				CLANG_WARN_STRICT_PROTOTYPES = YES;
				CLANG_WARN_SUSPICIOUS_MOVE = YES;
				CLANG_WARN_UNGUARDED_AVAILABILITY = YES_AGGRESSIVE;
				CLANG_WARN_UNREACHABLE_CODE = YES;
				CLANG_WARN__DUPLICATE_METHOD_MATCH = YES;
				COPY_PHASE_STRIP = NO;
				DEBUG_INFORMATION_FORMAT = dwarf;
				ENABLE_STRICT_OBJC_MSGSEND = YES;
				ENABLE_TESTABILITY = YES;
				ENABLE_USER_SCRIPT_SANDBOXING = YES;
				GCC_C_LANGUAGE_STANDARD = gnu17;
				GCC_DYNAMIC_NO_PIC = NO;
				GCC_NO_COMMON_BLOCKS = YES;
				GCC_OPTIMIZATION_LEVEL = 0;
				GCC_PREPROCESSOR_DEFINITIONS = (
					"DEBUG=1",
					"$(inherited)",
				);
				GCC_WARN_64_TO_32_BIT_CONVERSION = YES;
				GCC_WARN_ABOUT_RETURN_TYPE = YES_ERROR;
				GCC_WARN_UNDECLARED_SELECTOR = YES;
				GCC_WARN_UNINITIALIZED_AUTOS = YES_AGGRESSIVE;
				GCC_WARN_UNUSED_FUNCTION = YES;
				GCC_WARN_UNUSED_VARIABLE = YES;
				IPHONEOS_DEPLOYMENT_TARGET = 18.1;
				LOCALIZATION_PREFERS_STRING_CATALOGS = YES;
				MTL_ENABLE_DEBUG_INFO = INCLUDE_SOURCE;
				MTL_FAST_MATH = YES;
				ONLY_ACTIVE_ARCH = YES;
				SDKROOT = iphoneos;
				SWIFT_ACTIVE_COMPILATION_CONDITIONS = "DEBUG $(inherited)";
				SWIFT_OPTIMIZATION_LEVEL = "-Onone";
			};
			name = Debug;
		};
		7B35D0B22CE46DA900D5E194 /* Release */ = {
			isa = XCBuildConfiguration;
			buildSettings = {
				ALWAYS_SEARCH_USER_PATHS = NO;
				ASSETCATALOG_COMPILER_GENERATE_SWIFT_ASSET_SYMBOL_EXTENSIONS = YES;
				CLANG_ANALYZER_NONNULL = YES;
				CLANG_ANALYZER_NUMBER_OBJECT_CONVERSION = YES_AGGRESSIVE;
				CLANG_CXX_LANGUAGE_STANDARD = "gnu++20";
				CLANG_ENABLE_MODULES = YES;
				CLANG_ENABLE_OBJC_ARC = YES;
				CLANG_ENABLE_OBJC_WEAK = YES;
				CLANG_WARN_BLOCK_CAPTURE_AUTORELEASING = YES;
				CLANG_WARN_BOOL_CONVERSION = YES;
				CLANG_WARN_COMMA = YES;
				CLANG_WARN_CONSTANT_CONVERSION = YES;
				CLANG_WARN_DEPRECATED_OBJC_IMPLEMENTATIONS = YES;
				CLANG_WARN_DIRECT_OBJC_ISA_USAGE = YES_ERROR;
				CLANG_WARN_DOCUMENTATION_COMMENTS = YES;
				CLANG_WARN_EMPTY_BODY = YES;
				CLANG_WARN_ENUM_CONVERSION = YES;
				CLANG_WARN_INFINITE_RECURSION = YES;
				CLANG_WARN_INT_CONVERSION = YES;
				CLANG_WARN_NON_LITERAL_NULL_CONVERSION = YES;
				CLANG_WARN_OBJC_IMPLICIT_RETAIN_SELF = YES;
				CLANG_WARN_OBJC_LITERAL_CONVERSION = YES;
				CLANG_WARN_OBJC_ROOT_CLASS = YES_ERROR;
				CLANG_WARN_QUOTED_INCLUDE_IN_FRAMEWORK_HEADER = YES;
				CLANG_WARN_RANGE_LOOP_ANALYSIS = YES;
				CLANG_WARN_STRICT_PROTOTYPES = YES;
				CLANG_WARN_SUSPICIOUS_MOVE = YES;
				CLANG_WARN_UNGUARDED_AVAILABILITY = YES_AGGRESSIVE;
				CLANG_WARN_UNREACHABLE_CODE = YES;
				CLANG_WARN__DUPLICATE_METHOD_MATCH = YES;
				COPY_PHASE_STRIP = NO;
				DEBUG_INFORMATION_FORMAT = "dwarf-with-dsym";
				ENABLE_NS_ASSERTIONS = NO;
				ENABLE_STRICT_OBJC_MSGSEND = YES;
				ENABLE_USER_SCRIPT_SANDBOXING = YES;
				GCC_C_LANGUAGE_STANDARD = gnu17;
				GCC_NO_COMMON_BLOCKS = YES;
				GCC_WARN_64_TO_32_BIT_CONVERSION = YES;
				GCC_WARN_ABOUT_RETURN_TYPE = YES_ERROR;
				GCC_WARN_UNDECLARED_SELECTOR = YES;
				GCC_WARN_UNINITIALIZED_AUTOS = YES_AGGRESSIVE;
				GCC_WARN_UNUSED_FUNCTION = YES;
				GCC_WARN_UNUSED_VARIABLE = YES;
				IPHONEOS_DEPLOYMENT_TARGET = 18.1;
				LOCALIZATION_PREFERS_STRING_CATALOGS = YES;
				MTL_ENABLE_DEBUG_INFO = NO;
				MTL_FAST_MATH = YES;
				SDKROOT = iphoneos;
				SWIFT_COMPILATION_MODE = wholemodule;
				VALIDATE_PRODUCT = YES;
			};
			name = Release;
		};
		7B35D0B42CE46DA900D5E194 /* Debug */ = {
			isa = XCBuildConfiguration;
			buildSettings = {
				ASSETCATALOG_COMPILER_APPICON_NAME = AppIcon;
				ASSETCATALOG_COMPILER_GLOBAL_ACCENT_COLOR_NAME = AccentColor;
				CODE_SIGN_ENTITLEMENTS = okee/okee.entitlements;
				CODE_SIGN_STYLE = Automatic;
				CURRENT_PROJECT_VERSION = 1;
				DEVELOPMENT_ASSET_PATHS = "\"okee/Preview Content\"";
				DEVELOPMENT_TEAM = 27R53MF3YB;
				ENABLE_PREVIEWS = YES;
				GENERATE_INFOPLIST_FILE = YES;
				INFOPLIST_KEY_UIApplicationSceneManifest_Generation = YES;
				INFOPLIST_KEY_UIApplicationSupportsIndirectInputEvents = YES;
				INFOPLIST_KEY_UILaunchScreen_Generation = YES;
				INFOPLIST_KEY_UISupportedInterfaceOrientations_iPad = "UIInterfaceOrientationPortrait UIInterfaceOrientationPortraitUpsideDown UIInterfaceOrientationLandscapeLeft UIInterfaceOrientationLandscapeRight";
				INFOPLIST_KEY_UISupportedInterfaceOrientations_iPhone = "UIInterfaceOrientationPortrait UIInterfaceOrientationLandscapeLeft UIInterfaceOrientationLandscapeRight";
				LD_RUNPATH_SEARCH_PATHS = (
					"$(inherited)",
					"@executable_path/Frameworks",
				);
				MARKETING_VERSION = 1.0;
				PRODUCT_BUNDLE_IDENTIFIER = com.dev.okee;
				PRODUCT_NAME = "$(TARGET_NAME)";
				SWIFT_EMIT_LOC_STRINGS = YES;
				SWIFT_VERSION = 5.0;
				TARGETED_DEVICE_FAMILY = "1,2";
			};
			name = Debug;
		};
		7B35D0B52CE46DA900D5E194 /* Release */ = {
			isa = XCBuildConfiguration;
			buildSettings = {
				ASSETCATALOG_COMPILER_APPICON_NAME = AppIcon;
				ASSETCATALOG_COMPILER_GLOBAL_ACCENT_COLOR_NAME = AccentColor;
				CODE_SIGN_ENTITLEMENTS = okee/okee.entitlements;
				CODE_SIGN_STYLE = Automatic;
				CURRENT_PROJECT_VERSION = 1;
				DEVELOPMENT_ASSET_PATHS = "\"okee/Preview Content\"";
				DEVELOPMENT_TEAM = 27R53MF3YB;
				ENABLE_PREVIEWS = YES;
				GENERATE_INFOPLIST_FILE = YES;
				INFOPLIST_KEY_UIApplicationSceneManifest_Generation = YES;
				INFOPLIST_KEY_UIApplicationSupportsIndirectInputEvents = YES;
				INFOPLIST_KEY_UILaunchScreen_Generation = YES;
				INFOPLIST_KEY_UISupportedInterfaceOrientations_iPad = "UIInterfaceOrientationPortrait UIInterfaceOrientationPortraitUpsideDown UIInterfaceOrientationLandscapeLeft UIInterfaceOrientationLandscapeRight";
				INFOPLIST_KEY_UISupportedInterfaceOrientations_iPhone = "UIInterfaceOrientationPortrait UIInterfaceOrientationLandscapeLeft UIInterfaceOrientationLandscapeRight";
				LD_RUNPATH_SEARCH_PATHS = (
					"$(inherited)",
					"@executable_path/Frameworks",
				);
				MARKETING_VERSION = 1.0;
				PRODUCT_BUNDLE_IDENTIFIER = com.dev.okee;
				PRODUCT_NAME = "$(TARGET_NAME)";
				SWIFT_EMIT_LOC_STRINGS = YES;
				SWIFT_VERSION = 5.0;
				TARGETED_DEVICE_FAMILY = "1,2";
			};
			name = Release;
		};
		7B35D0B72CE46DA900D5E194 /* Debug */ = {
			isa = XCBuildConfiguration;
			buildSettings = {
				BUNDLE_LOADER = "$(TEST_HOST)";
				CODE_SIGN_STYLE = Automatic;
				CURRENT_PROJECT_VERSION = 1;
				DEVELOPMENT_TEAM = 27R53MF3YB;
				GENERATE_INFOPLIST_FILE = YES;
				IPHONEOS_DEPLOYMENT_TARGET = 18.1;
				MARKETING_VERSION = 1.0;
				PRODUCT_BUNDLE_IDENTIFIER = com.dev.okeeTests;
				PRODUCT_NAME = "$(TARGET_NAME)";
				SWIFT_EMIT_LOC_STRINGS = NO;
				SWIFT_VERSION = 5.0;
				TARGETED_DEVICE_FAMILY = "1,2";
				TEST_HOST = "$(BUILT_PRODUCTS_DIR)/okee.app/$(BUNDLE_EXECUTABLE_FOLDER_PATH)/okee";
			};
			name = Debug;
		};
		7B35D0B82CE46DA900D5E194 /* Release */ = {
			isa = XCBuildConfiguration;
			buildSettings = {
				BUNDLE_LOADER = "$(TEST_HOST)";
				CODE_SIGN_STYLE = Automatic;
				CURRENT_PROJECT_VERSION = 1;
				DEVELOPMENT_TEAM = 27R53MF3YB;
				GENERATE_INFOPLIST_FILE = YES;
				IPHONEOS_DEPLOYMENT_TARGET = 18.1;
				MARKETING_VERSION = 1.0;
				PRODUCT_BUNDLE_IDENTIFIER = com.dev.okeeTests;
				PRODUCT_NAME = "$(TARGET_NAME)";
				SWIFT_EMIT_LOC_STRINGS = NO;
				SWIFT_VERSION = 5.0;
				TARGETED_DEVICE_FAMILY = "1,2";
				TEST_HOST = "$(BUILT_PRODUCTS_DIR)/okee.app/$(BUNDLE_EXECUTABLE_FOLDER_PATH)/okee";
			};
			name = Release;
		};
		7B35D0BA2CE46DA900D5E194 /* Debug */ = {
			isa = XCBuildConfiguration;
			buildSettings = {
				CODE_SIGN_STYLE = Automatic;
				CURRENT_PROJECT_VERSION = 1;
				DEVELOPMENT_TEAM = 27R53MF3YB;
				GENERATE_INFOPLIST_FILE = YES;
				MARKETING_VERSION = 1.0;
				PRODUCT_BUNDLE_IDENTIFIER = com.dev.okeeUITests;
				PRODUCT_NAME = "$(TARGET_NAME)";
				SWIFT_EMIT_LOC_STRINGS = NO;
				SWIFT_VERSION = 5.0;
				TARGETED_DEVICE_FAMILY = "1,2";
				TEST_TARGET_NAME = okee;
			};
			name = Debug;
		};
		7B35D0BB2CE46DA900D5E194 /* Release */ = {
			isa = XCBuildConfiguration;
			buildSettings = {
				CODE_SIGN_STYLE = Automatic;
				CURRENT_PROJECT_VERSION = 1;
				DEVELOPMENT_TEAM = 27R53MF3YB;
				GENERATE_INFOPLIST_FILE = YES;
				MARKETING_VERSION = 1.0;
				PRODUCT_BUNDLE_IDENTIFIER = com.dev.okeeUITests;
				PRODUCT_NAME = "$(TARGET_NAME)";
				SWIFT_EMIT_LOC_STRINGS = NO;
				SWIFT_VERSION = 5.0;
				TARGETED_DEVICE_FAMILY = "1,2";
				TEST_TARGET_NAME = okee;
			};
			name = Release;
		};
/* End XCBuildConfiguration section */

/* Begin XCConfigurationList section */
		7B142B122CE62BFC00C664BA /* Build configuration list for PBXNativeTarget "ReportExtension" */ = {
			isa = XCConfigurationList;
			buildConfigurations = (
				7B142B0F2CE62BFC00C664BA /* Debug */,
				7B142B102CE62BFC00C664BA /* Release */,
			);
			defaultConfigurationIsVisible = 0;
			defaultConfigurationName = Release;
		};
		7B35D08A2CE46DA900D5E194 /* Build configuration list for PBXProject "okee" */ = {
			isa = XCConfigurationList;
			buildConfigurations = (
				7B35D0B12CE46DA900D5E194 /* Debug */,
				7B35D0B22CE46DA900D5E194 /* Release */,
			);
			defaultConfigurationIsVisible = 0;
			defaultConfigurationName = Release;
		};
		7B35D0B32CE46DA900D5E194 /* Build configuration list for PBXNativeTarget "okee" */ = {
			isa = XCConfigurationList;
			buildConfigurations = (
				7B35D0B42CE46DA900D5E194 /* Debug */,
				7B35D0B52CE46DA900D5E194 /* Release */,
			);
			defaultConfigurationIsVisible = 0;
			defaultConfigurationName = Release;
		};
		7B35D0B62CE46DA900D5E194 /* Build configuration list for PBXNativeTarget "okeeTests" */ = {
			isa = XCConfigurationList;
			buildConfigurations = (
				7B35D0B72CE46DA900D5E194 /* Debug */,
				7B35D0B82CE46DA900D5E194 /* Release */,
			);
			defaultConfigurationIsVisible = 0;
			defaultConfigurationName = Release;
		};
		7B35D0B92CE46DA900D5E194 /* Build configuration list for PBXNativeTarget "okeeUITests" */ = {
			isa = XCConfigurationList;
			buildConfigurations = (
				7B35D0BA2CE46DA900D5E194 /* Debug */,
				7B35D0BB2CE46DA900D5E194 /* Release */,
			);
			defaultConfigurationIsVisible = 0;
			defaultConfigurationName = Release;
		};
/* End XCConfigurationList section */
	};
	rootObject = 7B35D0872CE46DA900D5E194 /* Project object */;
}
